# THIS IS AN AUTOGENERATED FILE. DO NOT EDIT THIS FILE DIRECTLY.
# yarn lockfile v1


"js-tokens@^3.0.0 || ^4.0.0":
  version "4.0.0"
  resolved "https://registry.yarnpkg.com/js-tokens/-/js-tokens-4.0.0.tgz#19203fb59991df98e3a287050d4647cdeaf32499"

loose-envify@^1.3.1:
  version "1.4.0"
  resolved "https://registry.yarnpkg.com/loose-envify/-/loose-envify-1.4.0.tgz#71ee51fa7be4caec1a63839f7e682d8132d30caf"
  dependencies:
    js-tokens "^3.0.0 || ^4.0.0"

object-assign@^4.0.1, object-assign@^4.1.1:
  version "4.1.1"
  resolved "https://registry.yarnpkg.com/object-assign/-/object-assign-4.1.1.tgz#2109adc7965887cfc05cbbd442cac8bfbb360863"

prop-types@^15.6.2:
  version "15.6.2"
  resolved "https://registry.yarnpkg.com/prop-types/-/prop-types-15.6.2.tgz#05d5ca77b4453e985d60fc7ff8c859094a497102"
  dependencies:
    loose-envify "^1.3.1"
    object-assign "^4.1.1"

react-mixin@^5.0.0:
  version "5.0.0"
  resolved "https://registry.yarnpkg.com/react-mixin/-/react-mixin-5.0.0.tgz#6c24db9b7e33d7d319544a61bd83707cf228d596"
  integrity sha512-bGSF0/jTLDb5yW2BHYfN6PQg7FYRaNLXcUWisedAipL9+avrmrGKXfbOTMjE/heXcbS/po7ESTiahdF7iOKnGw==
  dependencies:
    object-assign "^4.0.1"
    smart-mixin "^2.0.0"

react-timer-mixin@^0.13.4:
  version "0.13.4"
  resolved "https://registry.yarnpkg.com/react-timer-mixin/-/react-timer-mixin-0.13.4.tgz#75a00c3c94c13abe29b43d63b4c65a88fc8264d3"
  integrity sha512-4+ow23tp/Tv7hBM5Az5/Be/eKKF7DIvJ09voz5LyHGQaqqz9WV8YMs31eFvcYQs7d451LSg7kDJV70XYN/Ug/Q==

smart-mixin@^2.0.0:
  version "2.0.0"
  resolved "https://registry.yarnpkg.com/smart-mixin/-/smart-mixin-2.0.0.tgz#a34a1055e32a75b30d2b4e3ca323dc99cb53f437"
